// !$*UTF8*$!
{
	archiveVersion = 1;
	classes = {
	};
	objectVersion = 56;
	objects = {

/* Begin PBXBuildFile section */
		F1849C9C2C09D55700A7B163 /* AppDelegate.swift in Sources */ = {isa = PBXBuildFile; fileRef = F1849C9B2C09D55700A7B163 /* AppDelegate.swift */; };
		F1849C9E2C09D55700A7B163 /* SceneDelegate.swift in Sources */ = {isa = PBXBuildFile; fileRef = F1849C9D2C09D55700A7B163 /* SceneDelegate.swift */; };
		F1849CA02C09D55700A7B163 /* ViewController.swift in Sources */ = {isa = PBXBuildFile; fileRef = F1849C9F2C09D55700A7B163 /* ViewController.swift */; };
		F1849CA52C09D55800A7B163 /* Assets.xcassets in Resources */ = {isa = PBXBuildFile; fileRef = F1849CA42C09D55800A7B163 /* Assets.xcassets */; };
		F1849CA82C09D55800A7B163 /* Base in Resources */ = {isa = PBXBuildFile; fileRef = F1849CA72C09D55800A7B163 /* Base */; };
		F1849CB02C09DC6900A7B163 /* SearchViewController.swift in Sources */ = {isa = PBXBuildFile; fileRef = F1849CAF2C09DC6900A7B163 /* SearchViewController.swift */; };
		F1849CB22C09DCAC00A7B163 /* FavoritesViewController.swift in Sources */ = {isa = PBXBuildFile; fileRef = F1849CB12C09DCAC00A7B163 /* FavoritesViewController.swift */; };
		F1849CB42C09E36200A7B163 /* GitMateButton.swift in Sources */ = {isa = PBXBuildFile; fileRef = F1849CB32C09E36200A7B163 /* GitMateButton.swift */; };
		F1849CB62C09EABA00A7B163 /* GitMateTextField.swift in Sources */ = {isa = PBXBuildFile; fileRef = F1849CB52C09EABA00A7B163 /* GitMateTextField.swift */; };
/* End PBXBuildFile section */

/* Begin PBXFileReference section */
		F1849C982C09D55700A7B163 /* GitMate.app */ = {isa = PBXFileReference; explicitFileType = wrapper.application; includeInIndex = 0; path = GitMate.app; sourceTree = BUILT_PRODUCTS_DIR; };
		F1849C9B2C09D55700A7B163 /* AppDelegate.swift */ = {isa = PBXFileReference; lastKnownFileType = sourcecode.swift; path = AppDelegate.swift; sourceTree = "<group>"; };
		F1849C9D2C09D55700A7B163 /* SceneDelegate.swift */ = {isa = PBXFileReference; lastKnownFileType = sourcecode.swift; path = SceneDelegate.swift; sourceTree = "<group>"; };
		F1849C9F2C09D55700A7B163 /* ViewController.swift */ = {isa = PBXFileReference; lastKnownFileType = sourcecode.swift; path = ViewController.swift; sourceTree = "<group>"; };
		F1849CA42C09D55800A7B163 /* Assets.xcassets */ = {isa = PBXFileReference; lastKnownFileType = folder.assetcatalog; path = Assets.xcassets; sourceTree = "<group>"; };
		F1849CA72C09D55800A7B163 /* Base */ = {isa = PBXFileReference; lastKnownFileType = file.storyboard; name = Base; path = Base.lproj/LaunchScreen.storyboard; sourceTree = "<group>"; };
		F1849CA92C09D55800A7B163 /* Info.plist */ = {isa = PBXFileReference; lastKnownFileType = text.plist.xml; path = Info.plist; sourceTree = "<group>"; };
		F1849CAF2C09DC6900A7B163 /* SearchViewController.swift */ = {isa = PBXFileReference; lastKnownFileType = sourcecode.swift; path = SearchViewController.swift; sourceTree = "<group>"; };
		F1849CB12C09DCAC00A7B163 /* FavoritesViewController.swift */ = {isa = PBXFileReference; lastKnownFileType = sourcecode.swift; path = FavoritesViewController.swift; sourceTree = "<group>"; };
		F1849CB32C09E36200A7B163 /* GitMateButton.swift */ = {isa = PBXFileReference; lastKnownFileType = sourcecode.swift; path = GitMateButton.swift; sourceTree = "<group>"; };
		F1849CB52C09EABA00A7B163 /* GitMateTextField.swift */ = {isa = PBXFileReference; lastKnownFileType = sourcecode.swift; path = GitMateTextField.swift; sourceTree = "<group>"; };
/* End PBXFileReference section */

/* Begin PBXFrameworksBuildPhase section */
		F1849C952C09D55700A7B163 /* Frameworks */ = {
			isa = PBXFrameworksBuildPhase;
			buildActionMask = 2147483647;
			files = (
			);
			runOnlyForDeploymentPostprocessing = 0;
		};
/* End PBXFrameworksBuildPhase section */

/* Begin PBXGroup section */
		F1849C8F2C09D55700A7B163 = {
			isa = PBXGroup;
			children = (
				F1849C9A2C09D55700A7B163 /* GitMate */,
				F1849C992C09D55700A7B163 /* Products */,
			);
			sourceTree = "<group>";
		};
		F1849C992C09D55700A7B163 /* Products */ = {
			isa = PBXGroup;
			children = (
				F1849C982C09D55700A7B163 /* GitMate.app */,
			);
			name = Products;
			sourceTree = "<group>";
		};
		F1849C9A2C09D55700A7B163 /* GitMate */ = {
			isa = PBXGroup;
			children = (
				F1849C9B2C09D55700A7B163 /* AppDelegate.swift */,
				F1849C9D2C09D55700A7B163 /* SceneDelegate.swift */,
				F1849C9F2C09D55700A7B163 /* ViewController.swift */,
				F1849CA42C09D55800A7B163 /* Assets.xcassets */,
				F1849CA62C09D55800A7B163 /* LaunchScreen.storyboard */,
				F1849CA92C09D55800A7B163 /* Info.plist */,
				F1849CAF2C09DC6900A7B163 /* SearchViewController.swift */,
				F1849CB12C09DCAC00A7B163 /* FavoritesViewController.swift */,
				F1849CB32C09E36200A7B163 /* GitMateButton.swift */,
				F1849CB52C09EABA00A7B163 /* GitMateTextField.swift */,
			);
			path = GitMate;
			sourceTree = "<group>";
		};
/* End PBXGroup section */

/* Begin PBXNativeTarget section */
		F1849C972C09D55700A7B163 /* GitMate */ = {
			isa = PBXNativeTarget;
			buildConfigurationList = F1849CAC2C09D55800A7B163 /* Build configuration list for PBXNativeTarget "GitMate" */;
			buildPhases = (
				F1849C942C09D55700A7B163 /* Sources */,
				F1849C952C09D55700A7B163 /* Frameworks */,
				F1849C962C09D55700A7B163 /* Resources */,
			);
			buildRules = (
			);
			dependencies = (
			);
			name = GitMate;
			productName = GitMate;
			productReference = F1849C982C09D55700A7B163 /* GitMate.app */;
			productType = "com.apple.product-type.application";
		};
/* End PBXNativeTarget section */

/* Begin PBXProject section */
		F1849C902C09D55700A7B163 /* Project object */ = {
			isa = PBXProject;
			attributes = {
				BuildIndependentTargetsInParallel = 1;
				LastSwiftUpdateCheck = 1530;
				LastUpgradeCheck = 1530;
				TargetAttributes = {
					F1849C972C09D55700A7B163 = {
						CreatedOnToolsVersion = 15.3;
					};
				};
			};
			buildConfigurationList = F1849C932C09D55700A7B163 /* Build configuration list for PBXProject "GitMate" */;
			compatibilityVersion = "Xcode 14.0";
			developmentRegion = en;
			hasScannedForEncodings = 0;
			knownRegions = (
				en,
				Base,
			);
			mainGroup = F1849C8F2C09D55700A7B163;
			productRefGroup = F1849C992C09D55700A7B163 /* Products */;
			projectDirPath = "";
			projectRoot = "";
			targets = (
				F1849C972C09D55700A7B163 /* GitMate */,
			);
		};
/* End PBXProject section */

/* Begin PBXResourcesBuildPhase section */
		F1849C962C09D55700A7B163 /* Resources */ = {
			isa = PBXResourcesBuildPhase;
			buildActionMask = 2147483647;
			files = (
				F1849CA52C09D55800A7B163 /* Assets.xcassets in Resources */,
				F1849CA82C09D55800A7B163 /* Base in Resources */,
			);
			runOnlyForDeploymentPostprocessing = 0;
		};
/* End PBXResourcesBuildPhase section */

/* Begin PBXSourcesBuildPhase section */
		F1849C942C09D55700A7B163 /* Sources */ = {
			isa = PBXSourcesBuildPhase;
			buildActionMask = 2147483647;
			files = (
				F1849CA02C09D55700A7B163 /* ViewController.swift in Sources */,
				F1849CB42C09E36200A7B163 /* GitMateButton.swift in Sources */,
				F1849C9C2C09D55700A7B163 /* AppDelegate.swift in Sources */,
				F1849CB02C09DC6900A7B163 /* SearchViewController.swift in Sources */,
				F1849CB62C09EABA00A7B163 /* GitMateTextField.swift in Sources */,
				F1849CB22C09DCAC00A7B163 /* FavoritesViewController.swift in Sources */,
				F1849C9E2C09D55700A7B163 /* SceneDelegate.swift in Sources */,
			);
			runOnlyForDeploymentPostprocessing = 0;
		};
/* End PBXSourcesBuildPhase section */

/* Begin PBXVariantGroup section */
		F1849CA62C09D55800A7B163 /* LaunchScreen.storyboard */ = {
			isa = PBXVariantGroup;
			children = (
				F1849CA72C09D55800A7B163 /* Base */,
			);
			name = LaunchScreen.storyboard;
			sourceTree = "<group>";
		};
/* End PBXVariantGroup section */

/* Begin XCBuildConfiguration section */
		F1849CAA2C09D55800A7B163 /* Debug */ = {
			isa = XCBuildConfiguration;
			buildSettings = {
				ALWAYS_SEARCH_USER_PATHS = NO;
				ASSETCATALOG_COMPILER_GENERATE_SWIFT_ASSET_SYMBOL_EXTENSIONS = YES;
				CLANG_ANALYZER_NONNULL = YES;
				CLANG_ANALYZER_NUMBER_OBJECT_CONVERSION = YES_AGGRESSIVE;
				CLANG_CXX_LANGUAGE_STANDARD = "gnu++20";
				CLANG_ENABLE_MODULES = YES;
				CLANG_ENABLE_OBJC_ARC = YES;
				CLANG_ENABLE_OBJC_WEAK = YES;
				CLANG_WARN_BLOCK_CAPTURE_AUTORELEASING = YES;
				CLANG_WARN_BOOL_CONVERSION = YES;
				CLANG_WARN_COMMA = YES;
				CLANG_WARN_CONSTANT_CONVERSION = YES;
				CLANG_WARN_DEPRECATED_OBJC_IMPLEMENTATIONS = YES;
				CLANG_WARN_DIRECT_OBJC_ISA_USAGE = YES_ERROR;
				CLANG_WARN_DOCUMENTATION_COMMENTS = YES;
				CLANG_WARN_EMPTY_BODY = YES;
				CLANG_WARN_ENUM_CONVERSION = YES;
				CLANG_WARN_INFINITE_RECURSION = YES;
				CLANG_WARN_INT_CONVERSION = YES;
				CLANG_WARN_NON_LITERAL_NULL_CONVERSION = YES;
				CLANG_WARN_OBJC_IMPLICIT_RETAIN_SELF = YES;
				CLANG_WARN_OBJC_LITERAL_CONVERSION = YES;
				CLANG_WARN_OBJC_ROOT_CLASS = YES_ERROR;
				CLANG_WARN_QUOTED_INCLUDE_IN_FRAMEWORK_HEADER = YES;
				CLANG_WARN_RANGE_LOOP_ANALYSIS = YES;
				CLANG_WARN_STRICT_PROTOTYPES = YES;
				CLANG_WARN_SUSPICIOUS_MOVE = YES;
				CLANG_WARN_UNGUARDED_AVAILABILITY = YES_AGGRESSIVE;
				CLANG_WARN_UNREACHABLE_CODE = YES;
				CLANG_WARN__DUPLICATE_METHOD_MATCH = YES;
				COPY_PHASE_STRIP = NO;
				DEBUG_INFORMATION_FORMAT = dwarf;
				ENABLE_STRICT_OBJC_MSGSEND = YES;
				ENABLE_TESTABILITY = YES;
				ENABLE_USER_SCRIPT_SANDBOXING = YES;
				GCC_C_LANGUAGE_STANDARD = gnu17;
				GCC_DYNAMIC_NO_PIC = NO;
				GCC_NO_COMMON_BLOCKS = YES;
				GCC_OPTIMIZATION_LEVEL = 0;
				GCC_PREPROCESSOR_DEFINITIONS = (
					"DEBUG=1",
					"$(inherited)",
				);
				GCC_WARN_64_TO_32_BIT_CONVERSION = YES;
				GCC_WARN_ABOUT_RETURN_TYPE = YES_ERROR;
				GCC_WARN_UNDECLARED_SELECTOR = YES;
				GCC_WARN_UNINITIALIZED_AUTOS = YES_AGGRESSIVE;
				GCC_WARN_UNUSED_FUNCTION = YES;
				GCC_WARN_UNUSED_VARIABLE = YES;
				IPHONEOS_DEPLOYMENT_TARGET = 17.4;
				LOCALIZATION_PREFERS_STRING_CATALOGS = YES;
				MTL_ENABLE_DEBUG_INFO = INCLUDE_SOURCE;
				MTL_FAST_MATH = YES;
				ONLY_ACTIVE_ARCH = YES;
				SDKROOT = iphoneos;
				SWIFT_ACTIVE_COMPILATION_CONDITIONS = "DEBUG $(inherited)";
				SWIFT_OPTIMIZATION_LEVEL = "-Onone";
			};
			name = Debug;
		};
		F1849CAB2C09D55800A7B163 /* Release */ = {
			isa = XCBuildConfiguration;
			buildSettings = {
				ALWAYS_SEARCH_USER_PATHS = NO;
				ASSETCATALOG_COMPILER_GENERATE_SWIFT_ASSET_SYMBOL_EXTENSIONS = YES;
				CLANG_ANALYZER_NONNULL = YES;
				CLANG_ANALYZER_NUMBER_OBJECT_CONVERSION = YES_AGGRESSIVE;
				CLANG_CXX_LANGUAGE_STANDARD = "gnu++20";
				CLANG_ENABLE_MODULES = YES;
				CLANG_ENABLE_OBJC_ARC = YES;
				CLANG_ENABLE_OBJC_WEAK = YES;
				CLANG_WARN_BLOCK_CAPTURE_AUTORELEASING = YES;
				CLANG_WARN_BOOL_CONVERSION = YES;
				CLANG_WARN_COMMA = YES;
				CLANG_WARN_CONSTANT_CONVERSION = YES;
				CLANG_WARN_DEPRECATED_OBJC_IMPLEMENTATIONS = YES;
				CLANG_WARN_DIRECT_OBJC_ISA_USAGE = YES_ERROR;
				CLANG_WARN_DOCUMENTATION_COMMENTS = YES;
				CLANG_WARN_EMPTY_BODY = YES;
				CLANG_WARN_ENUM_CONVERSION = YES;
				CLANG_WARN_INFINITE_RECURSION = YES;
				CLANG_WARN_INT_CONVERSION = YES;
				CLANG_WARN_NON_LITERAL_NULL_CONVERSION = YES;
				CLANG_WARN_OBJC_IMPLICIT_RETAIN_SELF = YES;
				CLANG_WARN_OBJC_LITERAL_CONVERSION = YES;
				CLANG_WARN_OBJC_ROOT_CLASS = YES_ERROR;
				CLANG_WARN_QUOTED_INCLUDE_IN_FRAMEWORK_HEADER = YES;
				CLANG_WARN_RANGE_LOOP_ANALYSIS = YES;
				CLANG_WARN_STRICT_PROTOTYPES = YES;
				CLANG_WARN_SUSPICIOUS_MOVE = YES;
				CLANG_WARN_UNGUARDED_AVAILABILITY = YES_AGGRESSIVE;
				CLANG_WARN_UNREACHABLE_CODE = YES;
				CLANG_WARN__DUPLICATE_METHOD_MATCH = YES;
				COPY_PHASE_STRIP = NO;
				DEBUG_INFORMATION_FORMAT = "dwarf-with-dsym";
				ENABLE_NS_ASSERTIONS = NO;
				ENABLE_STRICT_OBJC_MSGSEND = YES;
				ENABLE_USER_SCRIPT_SANDBOXING = YES;
				GCC_C_LANGUAGE_STANDARD = gnu17;
				GCC_NO_COMMON_BLOCKS = YES;
				GCC_WARN_64_TO_32_BIT_CONVERSION = YES;
				GCC_WARN_ABOUT_RETURN_TYPE = YES_ERROR;
				GCC_WARN_UNDECLARED_SELECTOR = YES;
				GCC_WARN_UNINITIALIZED_AUTOS = YES_AGGRESSIVE;
				GCC_WARN_UNUSED_FUNCTION = YES;
				GCC_WARN_UNUSED_VARIABLE = YES;
				IPHONEOS_DEPLOYMENT_TARGET = 17.4;
				LOCALIZATION_PREFERS_STRING_CATALOGS = YES;
				MTL_ENABLE_DEBUG_INFO = NO;
				MTL_FAST_MATH = YES;
				SDKROOT = iphoneos;
				SWIFT_COMPILATION_MODE = wholemodule;
				VALIDATE_PRODUCT = YES;
			};
			name = Release;
		};
		F1849CAD2C09D55800A7B163 /* Debug */ = {
			isa = XCBuildConfiguration;
			buildSettings = {
				ASSETCATALOG_COMPILER_APPICON_NAME = AppIcon;
				ASSETCATALOG_COMPILER_GLOBAL_ACCENT_COLOR_NAME = AccentColor;
				CODE_SIGN_STYLE = Automatic;
				CURRENT_PROJECT_VERSION = 1;
				DEVELOPMENT_TEAM = CARBM63FQD;
				GENERATE_INFOPLIST_FILE = YES;
				INFOPLIST_FILE = GitMate/Info.plist;
				INFOPLIST_KEY_UIApplicationSupportsIndirectInputEvents = YES;
				INFOPLIST_KEY_UILaunchStoryboardName = LaunchScreen;
				INFOPLIST_KEY_UISupportedInterfaceOrientations = UIInterfaceOrientationPortrait;
				INFOPLIST_KEY_UISupportedInterfaceOrientations_iPad = "UIInterfaceOrientationLandscapeLeft UIInterfaceOrientationLandscapeRight UIInterfaceOrientationPortrait UIInterfaceOrientationPortraitUpsideDown";
				LD_RUNPATH_SEARCH_PATHS = (
					"$(inherited)",
					"@executable_path/Frameworks",
				);
				MARKETING_VERSION = 1.0;
				PRODUCT_BUNDLE_IDENTIFIER = com.chris.min.GitMate;
				PRODUCT_NAME = "$(TARGET_NAME)";
				SWIFT_EMIT_LOC_STRINGS = YES;
				SWIFT_VERSION = 5.0;
				TARGETED_DEVICE_FAMILY = "1,2";
			};
			name = Debug;
		};
		F1849CAE2C09D55800A7B163 /* Release */ = {
			isa = XCBuildConfiguration;
			buildSettings = {
				ASSETCATALOG_COMPILER_APPICON_NAME = AppIcon;
				ASSETCATALOG_COMPILER_GLOBAL_ACCENT_COLOR_NAME = AccentColor;
				CODE_SIGN_STYLE = Automatic;
				CURRENT_PROJECT_VERSION = 1;
				DEVELOPMENT_TEAM = CARBM63FQD;
				GENERATE_INFOPLIST_FILE = YES;
				INFOPLIST_FILE = GitMate/Info.plist;
				INFOPLIST_KEY_UIApplicationSupportsIndirectInputEvents = YES;
				INFOPLIST_KEY_UILaunchStoryboardName = LaunchScreen;
				INFOPLIST_KEY_UISupportedInterfaceOrientations = UIInterfaceOrientationPortrait;
				INFOPLIST_KEY_UISupportedInterfaceOrientations_iPad = "UIInterfaceOrientationLandscapeLeft UIInterfaceOrientationLandscapeRight UIInterfaceOrientationPortrait UIInterfaceOrientationPortraitUpsideDown";
				LD_RUNPATH_SEARCH_PATHS = (
					"$(inherited)",
					"@executable_path/Frameworks",
				);
				MARKETING_VERSION = 1.0;
				PRODUCT_BUNDLE_IDENTIFIER = com.chris.min.GitMate;
				PRODUCT_NAME = "$(TARGET_NAME)";
				SWIFT_EMIT_LOC_STRINGS = YES;
				SWIFT_VERSION = 5.0;
				TARGETED_DEVICE_FAMILY = "1,2";
			};
			name = Release;
		};
/* End XCBuildConfiguration section */

/* Begin XCConfigurationList section */
		F1849C932C09D55700A7B163 /* Build configuration list for PBXProject "GitMate" */ = {
			isa = XCConfigurationList;
			buildConfigurations = (
				F1849CAA2C09D55800A7B163 /* Debug */,
				F1849CAB2C09D55800A7B163 /* Release */,
			);
			defaultConfigurationIsVisible = 0;
			defaultConfigurationName = Release;
		};
		F1849CAC2C09D55800A7B163 /* Build configuration list for PBXNativeTarget "GitMate" */ = {
			isa = XCConfigurationList;
			buildConfigurations = (
				F1849CAD2C09D55800A7B163 /* Debug */,
				F1849CAE2C09D55800A7B163 /* Release */,
			);
			defaultConfigurationIsVisible = 0;
			defaultConfigurationName = Release;
		};
/* End XCConfigurationList section */
	};
	rootObject = F1849C902C09D55700A7B163 /* Project object */;
}
